// !$*UTF8*$!
{
	archiveVersion = 1;
	classes = {
	};
	objectVersion = 50;
	objects = {

/* Begin PBXBuildFile section */
		FDC05080266CB91C0035A441 /* ARCapture.swift in Sources */ = {isa = PBXBuildFile; fileRef = FDC0507F266CB91C0035A441 /* ARCapture.swift */; };
		FDC05084266CCDFF0035A441 /* ARFrameGenerator.swift in Sources */ = {isa = PBXBuildFile; fileRef = FDC05083266CCDFF0035A441 /* ARFrameGenerator.swift */; };
		FDC05087266CD9F20035A441 /* ARAssetWriter.swift in Sources */ = {isa = PBXBuildFile; fileRef = FDC05086266CD9F20035A441 /* ARAssetWriter.swift */; };
		FDF76933265BE8C400C295C4 /* AppDelegate.swift in Sources */ = {isa = PBXBuildFile; fileRef = FDF76932265BE8C400C295C4 /* AppDelegate.swift */; };
		FDF76935265BE8C400C295C4 /* SceneDelegate.swift in Sources */ = {isa = PBXBuildFile; fileRef = FDF76934265BE8C400C295C4 /* SceneDelegate.swift */; };
		FDF76937265BE8C400C295C4 /* ARScreenViewController.swift in Sources */ = {isa = PBXBuildFile; fileRef = FDF76936265BE8C400C295C4 /* ARScreenViewController.swift */; };
		FDF7693A265BE8C400C295C4 /* Main.storyboard in Resources */ = {isa = PBXBuildFile; fileRef = FDF76938265BE8C400C295C4 /* Main.storyboard */; };
		FDF7693C265BE8C600C295C4 /* Assets.xcassets in Resources */ = {isa = PBXBuildFile; fileRef = FDF7693B265BE8C600C295C4 /* Assets.xcassets */; };
		FDF7693F265BE8C600C295C4 /* LaunchScreen.storyboard in Resources */ = {isa = PBXBuildFile; fileRef = FDF7693D265BE8C600C295C4 /* LaunchScreen.storyboard */; };
		FDF7695B265BF2A700C295C4 /* PlaneAnchorHandler.swift in Sources */ = {isa = PBXBuildFile; fileRef = FDF7695A265BF2A700C295C4 /* PlaneAnchorHandler.swift */; };
		FDF7695E265BF96B00C295C4 /* AnchorHandler.swift in Sources */ = {isa = PBXBuildFile; fileRef = FDF7695D265BF96B00C295C4 /* AnchorHandler.swift */; };
/* End PBXBuildFile section */

/* Begin PBXFileReference section */
		FDC0507F266CB91C0035A441 /* ARCapture.swift */ = {isa = PBXFileReference; lastKnownFileType = sourcecode.swift; path = ARCapture.swift; sourceTree = "<group>"; };
		FDC05083266CCDFF0035A441 /* ARFrameGenerator.swift */ = {isa = PBXFileReference; lastKnownFileType = sourcecode.swift; path = ARFrameGenerator.swift; sourceTree = "<group>"; };
		FDC05086266CD9F20035A441 /* ARAssetWriter.swift */ = {isa = PBXFileReference; lastKnownFileType = sourcecode.swift; path = ARAssetWriter.swift; sourceTree = "<group>"; };
		FDF7692F265BE8C400C295C4 /* ARCapture.app */ = {isa = PBXFileReference; explicitFileType = wrapper.application; includeInIndex = 0; path = ARCapture.app; sourceTree = BUILT_PRODUCTS_DIR; };
		FDF76932265BE8C400C295C4 /* AppDelegate.swift */ = {isa = PBXFileReference; lastKnownFileType = sourcecode.swift; path = AppDelegate.swift; sourceTree = "<group>"; };
		FDF76934265BE8C400C295C4 /* SceneDelegate.swift */ = {isa = PBXFileReference; lastKnownFileType = sourcecode.swift; path = SceneDelegate.swift; sourceTree = "<group>"; };
		FDF76936265BE8C400C295C4 /* ARScreenViewController.swift */ = {isa = PBXFileReference; lastKnownFileType = sourcecode.swift; path = ARScreenViewController.swift; sourceTree = "<group>"; };
		FDF76939265BE8C400C295C4 /* Base */ = {isa = PBXFileReference; lastKnownFileType = file.storyboard; name = Base; path = Base.lproj/Main.storyboard; sourceTree = "<group>"; };
		FDF7693B265BE8C600C295C4 /* Assets.xcassets */ = {isa = PBXFileReference; lastKnownFileType = folder.assetcatalog; path = Assets.xcassets; sourceTree = "<group>"; };
		FDF7693E265BE8C600C295C4 /* Base */ = {isa = PBXFileReference; lastKnownFileType = file.storyboard; name = Base; path = Base.lproj/LaunchScreen.storyboard; sourceTree = "<group>"; };
		FDF76940265BE8C600C295C4 /* Info.plist */ = {isa = PBXFileReference; lastKnownFileType = text.plist.xml; path = Info.plist; sourceTree = "<group>"; };
		FDF7695A265BF2A700C295C4 /* PlaneAnchorHandler.swift */ = {isa = PBXFileReference; fileEncoding = 4; lastKnownFileType = sourcecode.swift; path = PlaneAnchorHandler.swift; sourceTree = "<group>"; };
		FDF7695D265BF96B00C295C4 /* AnchorHandler.swift */ = {isa = PBXFileReference; fileEncoding = 4; lastKnownFileType = sourcecode.swift; path = AnchorHandler.swift; sourceTree = "<group>"; };
/* End PBXFileReference section */

/* Begin PBXFrameworksBuildPhase section */
		FDF7692C265BE8C400C295C4 /* Frameworks */ = {
			isa = PBXFrameworksBuildPhase;
			buildActionMask = 2147483647;
			files = (
			);
			runOnlyForDeploymentPostprocessing = 0;
		};
/* End PBXFrameworksBuildPhase section */

/* Begin PBXGroup section */
		FDC0507E266CB9100035A441 /* ARCapture framework */ = {
			isa = PBXGroup;
			children = (
				FDC0507F266CB91C0035A441 /* ARCapture.swift */,
				FDC05083266CCDFF0035A441 /* ARFrameGenerator.swift */,
				FDC05086266CD9F20035A441 /* ARAssetWriter.swift */,
			);
			name = "ARCapture framework";
			path = ../../Source;
			sourceTree = "<group>";
		};
		FDF76926265BE8C400C295C4 = {
			isa = PBXGroup;
			children = (
				FDF76931265BE8C400C295C4 /* ARCapture */,
				FDF76930265BE8C400C295C4 /* Products */,
			);
			sourceTree = "<group>";
		};
		FDF76930265BE8C400C295C4 /* Products */ = {
			isa = PBXGroup;
			children = (
				FDF7692F265BE8C400C295C4 /* ARCapture.app */,
			);
			name = Products;
			sourceTree = "<group>";
		};
		FDF76931265BE8C400C295C4 /* ARCapture */ = {
			isa = PBXGroup;
			children = (
				FDC0507E266CB9100035A441 /* ARCapture framework */,
				FDF76947265BE8D000C295C4 /* General */,
				FDF76949265BE8E300C295C4 /* XIBs */,
				FDF7694A265BE8EB00C295C4 /* View Controllers */,
				FDF76948265BE8DA00C295C4 /* Supporting Files */,
			);
			path = ARCapture;
			sourceTree = "<group>";
		};
		FDF76947265BE8D000C295C4 /* General */ = {
			isa = PBXGroup;
			children = (
				FDF76932265BE8C400C295C4 /* AppDelegate.swift */,
				FDF76934265BE8C400C295C4 /* SceneDelegate.swift */,
				FDF7693B265BE8C600C295C4 /* Assets.xcassets */,
				FDF7693D265BE8C600C295C4 /* LaunchScreen.storyboard */,
			);
			path = General;
			sourceTree = "<group>";
		};
		FDF76948265BE8DA00C295C4 /* Supporting Files */ = {
			isa = PBXGroup;
			children = (
				FDF76940265BE8C600C295C4 /* Info.plist */,
			);
			name = "Supporting Files";
			sourceTree = "<group>";
		};
		FDF76949265BE8E300C295C4 /* XIBs */ = {
			isa = PBXGroup;
			children = (
				FDF76938265BE8C400C295C4 /* Main.storyboard */,
			);
			path = XIBs;
			sourceTree = "<group>";
		};
		FDF7694A265BE8EB00C295C4 /* View Controllers */ = {
			isa = PBXGroup;
			children = (
				FDF76936265BE8C400C295C4 /* ARScreenViewController.swift */,
				FDF7695A265BF2A700C295C4 /* PlaneAnchorHandler.swift */,
				FDF7695D265BF96B00C295C4 /* AnchorHandler.swift */,
			);
			path = "View Controllers";
			sourceTree = "<group>";
		};
/* End PBXGroup section */

/* Begin PBXNativeTarget section */
		FDF7692E265BE8C400C295C4 /* ARCapture */ = {
			isa = PBXNativeTarget;
			buildConfigurationList = FDF76943265BE8C600C295C4 /* Build configuration list for PBXNativeTarget "ARCapture" */;
			buildPhases = (
				FDF7692B265BE8C400C295C4 /* Sources */,
				FDF7692C265BE8C400C295C4 /* Frameworks */,
				FDF7692D265BE8C400C295C4 /* Resources */,
			);
			buildRules = (
			);
			dependencies = (
			);
			name = ARCapture;
			productName = Credence;
			productReference = FDF7692F265BE8C400C295C4 /* ARCapture.app */;
			productType = "com.apple.product-type.application";
		};
/* End PBXNativeTarget section */

/* Begin PBXProject section */
		FDF76927265BE8C400C295C4 /* Project object */ = {
			isa = PBXProject;
			attributes = {
				LastSwiftUpdateCheck = 1240;
				LastUpgradeCheck = 1240;
				TargetAttributes = {
					FDF7692E265BE8C400C295C4 = {
						CreatedOnToolsVersion = 12.4;
					};
				};
			};
			buildConfigurationList = FDF7692A265BE8C400C295C4 /* Build configuration list for PBXProject "ARCapture" */;
			compatibilityVersion = "Xcode 9.3";
			developmentRegion = en;
			hasScannedForEncodings = 0;
			knownRegions = (
				en,
				Base,
			);
			mainGroup = FDF76926265BE8C400C295C4;
			productRefGroup = FDF76930265BE8C400C295C4 /* Products */;
			projectDirPath = "";
			projectRoot = "";
			targets = (
				FDF7692E265BE8C400C295C4 /* ARCapture */,
			);
		};
/* End PBXProject section */

/* Begin PBXResourcesBuildPhase section */
		FDF7692D265BE8C400C295C4 /* Resources */ = {
			isa = PBXResourcesBuildPhase;
			buildActionMask = 2147483647;
			files = (
				FDF7693F265BE8C600C295C4 /* LaunchScreen.storyboard in Resources */,
				FDF7693C265BE8C600C295C4 /* Assets.xcassets in Resources */,
				FDF7693A265BE8C400C295C4 /* Main.storyboard in Resources */,
			);
			runOnlyForDeploymentPostprocessing = 0;
		};
/* End PBXResourcesBuildPhase section */

/* Begin PBXSourcesBuildPhase section */
		FDF7692B265BE8C400C295C4 /* Sources */ = {
			isa = PBXSourcesBuildPhase;
			buildActionMask = 2147483647;
			files = (
				FDF7695B265BF2A700C295C4 /* PlaneAnchorHandler.swift in Sources */,
				FDF76937265BE8C400C295C4 /* ARScreenViewController.swift in Sources */,
				FDC05084266CCDFF0035A441 /* ARFrameGenerator.swift in Sources */,
				FDF7695E265BF96B00C295C4 /* AnchorHandler.swift in Sources */,
				FDC05080266CB91C0035A441 /* ARCapture.swift in Sources */,
				FDF76933265BE8C400C295C4 /* AppDelegate.swift in Sources */,
				FDC05087266CD9F20035A441 /* ARAssetWriter.swift in Sources */,
				FDF76935265BE8C400C295C4 /* SceneDelegate.swift in Sources */,
			);
			runOnlyForDeploymentPostprocessing = 0;
		};
/* End PBXSourcesBuildPhase section */

/* Begin PBXVariantGroup section */
		FDF76938265BE8C400C295C4 /* Main.storyboard */ = {
			isa = PBXVariantGroup;
			children = (
				FDF76939265BE8C400C295C4 /* Base */,
			);
			name = Main.storyboard;
			sourceTree = "<group>";
		};
		FDF7693D265BE8C600C295C4 /* LaunchScreen.storyboard */ = {
			isa = PBXVariantGroup;
			children = (
				FDF7693E265BE8C600C295C4 /* Base */,
			);
			name = LaunchScreen.storyboard;
			sourceTree = "<group>";
		};
/* End PBXVariantGroup section */

/* Begin XCBuildConfiguration section */
		FDF76941265BE8C600C295C4 /* Debug */ = {
			isa = XCBuildConfiguration;
			buildSettings = {
				ALWAYS_SEARCH_USER_PATHS = NO;
				CLANG_ANALYZER_NONNULL = YES;
				CLANG_ANALYZER_NUMBER_OBJECT_CONVERSION = YES_AGGRESSIVE;
				CLANG_CXX_LANGUAGE_STANDARD = "gnu++14";
				CLANG_CXX_LIBRARY = "libc++";
				CLANG_ENABLE_MODULES = YES;
				CLANG_ENABLE_OBJC_ARC = YES;
				CLANG_ENABLE_OBJC_WEAK = YES;
				CLANG_WARN_BLOCK_CAPTURE_AUTORELEASING = YES;
				CLANG_WARN_BOOL_CONVERSION = YES;
				CLANG_WARN_COMMA = YES;
				CLANG_WARN_CONSTANT_CONVERSION = YES;
				CLANG_WARN_DEPRECATED_OBJC_IMPLEMENTATIONS = YES;
				CLANG_WARN_DIRECT_OBJC_ISA_USAGE = YES_ERROR;
				CLANG_WARN_DOCUMENTATION_COMMENTS = YES;
				CLANG_WARN_EMPTY_BODY = YES;
				CLANG_WARN_ENUM_CONVERSION = YES;
				CLANG_WARN_INFINITE_RECURSION = YES;
				CLANG_WARN_INT_CONVERSION = YES;
				CLANG_WARN_NON_LITERAL_NULL_CONVERSION = YES;
				CLANG_WARN_OBJC_IMPLICIT_RETAIN_SELF = YES;
				CLANG_WARN_OBJC_LITERAL_CONVERSION = YES;
				CLANG_WARN_OBJC_ROOT_CLASS = YES_ERROR;
				CLANG_WARN_QUOTED_INCLUDE_IN_FRAMEWORK_HEADER = YES;
				CLANG_WARN_RANGE_LOOP_ANALYSIS = YES;
				CLANG_WARN_STRICT_PROTOTYPES = YES;
				CLANG_WARN_SUSPICIOUS_MOVE = YES;
				CLANG_WARN_UNGUARDED_AVAILABILITY = YES_AGGRESSIVE;
				CLANG_WARN_UNREACHABLE_CODE = YES;
				CLANG_WARN__DUPLICATE_METHOD_MATCH = YES;
				COPY_PHASE_STRIP = NO;
				DEBUG_INFORMATION_FORMAT = dwarf;
				ENABLE_STRICT_OBJC_MSGSEND = YES;
				ENABLE_TESTABILITY = YES;
				GCC_C_LANGUAGE_STANDARD = gnu11;
				GCC_DYNAMIC_NO_PIC = NO;
				GCC_NO_COMMON_BLOCKS = YES;
				GCC_OPTIMIZATION_LEVEL = 0;
				GCC_PREPROCESSOR_DEFINITIONS = (
					"DEBUG=1",
					"$(inherited)",
				);
				GCC_WARN_64_TO_32_BIT_CONVERSION = YES;
				GCC_WARN_ABOUT_RETURN_TYPE = YES_ERROR;
				GCC_WARN_UNDECLARED_SELECTOR = YES;
				GCC_WARN_UNINITIALIZED_AUTOS = YES_AGGRESSIVE;
				GCC_WARN_UNUSED_FUNCTION = YES;
				GCC_WARN_UNUSED_VARIABLE = YES;
				IPHONEOS_DEPLOYMENT_TARGET = 13.0;
				MTL_ENABLE_DEBUG_INFO = INCLUDE_SOURCE;
				MTL_FAST_MATH = YES;
				ONLY_ACTIVE_ARCH = YES;
				SDKROOT = iphoneos;
				SWIFT_ACTIVE_COMPILATION_CONDITIONS = DEBUG;
				SWIFT_OPTIMIZATION_LEVEL = "-Onone";
			};
			name = Debug;
		};
		FDF76942265BE8C600C295C4 /* Release */ = {
			isa = XCBuildConfiguration;
			buildSettings = {
				ALWAYS_SEARCH_USER_PATHS = NO;
				CLANG_ANALYZER_NONNULL = YES;
				CLANG_ANALYZER_NUMBER_OBJECT_CONVERSION = YES_AGGRESSIVE;
				CLANG_CXX_LANGUAGE_STANDARD = "gnu++14";
				CLANG_CXX_LIBRARY = "libc++";
				CLANG_ENABLE_MODULES = YES;
				CLANG_ENABLE_OBJC_ARC = YES;
				CLANG_ENABLE_OBJC_WEAK = YES;
				CLANG_WARN_BLOCK_CAPTURE_AUTORELEASING = YES;
				CLANG_WARN_BOOL_CONVERSION = YES;
				CLANG_WARN_COMMA = YES;
				CLANG_WARN_CONSTANT_CONVERSION = YES;
				CLANG_WARN_DEPRECATED_OBJC_IMPLEMENTATIONS = YES;
				CLANG_WARN_DIRECT_OBJC_ISA_USAGE = YES_ERROR;
				CLANG_WARN_DOCUMENTATION_COMMENTS = YES;
				CLANG_WARN_EMPTY_BODY = YES;
				CLANG_WARN_ENUM_CONVERSION = YES;
				CLANG_WARN_INFINITE_RECURSION = YES;
				CLANG_WARN_INT_CONVERSION = YES;
				CLANG_WARN_NON_LITERAL_NULL_CONVERSION = YES;
				CLANG_WARN_OBJC_IMPLICIT_RETAIN_SELF = YES;
				CLANG_WARN_OBJC_LITERAL_CONVERSION = YES;
				CLANG_WARN_OBJC_ROOT_CLASS = YES_ERROR;
				CLANG_WARN_QUOTED_INCLUDE_IN_FRAMEWORK_HEADER = YES;
				CLANG_WARN_RANGE_LOOP_ANALYSIS = YES;
				CLANG_WARN_STRICT_PROTOTYPES = YES;
				CLANG_WARN_SUSPICIOUS_MOVE = YES;
				CLANG_WARN_UNGUARDED_AVAILABILITY = YES_AGGRESSIVE;
				CLANG_WARN_UNREACHABLE_CODE = YES;
				CLANG_WARN__DUPLICATE_METHOD_MATCH = YES;
				COPY_PHASE_STRIP = NO;
				DEBUG_INFORMATION_FORMAT = "dwarf-with-dsym";
				ENABLE_NS_ASSERTIONS = NO;
				ENABLE_STRICT_OBJC_MSGSEND = YES;
				GCC_C_LANGUAGE_STANDARD = gnu11;
				GCC_NO_COMMON_BLOCKS = YES;
				GCC_WARN_64_TO_32_BIT_CONVERSION = YES;
				GCC_WARN_ABOUT_RETURN_TYPE = YES_ERROR;
				GCC_WARN_UNDECLARED_SELECTOR = YES;
				GCC_WARN_UNINITIALIZED_AUTOS = YES_AGGRESSIVE;
				GCC_WARN_UNUSED_FUNCTION = YES;
				GCC_WARN_UNUSED_VARIABLE = YES;
				IPHONEOS_DEPLOYMENT_TARGET = 13.0;
				MTL_ENABLE_DEBUG_INFO = NO;
				MTL_FAST_MATH = YES;
				SDKROOT = iphoneos;
				SWIFT_COMPILATION_MODE = wholemodule;
				SWIFT_OPTIMIZATION_LEVEL = "-O";
				VALIDATE_PRODUCT = YES;
			};
			name = Release;
		};
		FDF76944265BE8C600C295C4 /* Debug */ = {
			isa = XCBuildConfiguration;
			buildSettings = {
				ASSETCATALOG_COMPILER_APPICON_NAME = AppIcon;
				ASSETCATALOG_COMPILER_GLOBAL_ACCENT_COLOR_NAME = AccentColor;
				CODE_SIGN_STYLE = Automatic;
				DEVELOPMENT_TEAM = 4LPM7QKY6W;
				INFOPLIST_FILE = ARCapture/Info.plist;
				IPHONEOS_DEPLOYMENT_TARGET = 13.0;
				LD_RUNPATH_SEARCH_PATHS = (
					"$(inherited)",
					"@executable_path/Frameworks",
				);
				PRODUCT_BUNDLE_IDENTIFIER = ru.frgroup.ARCapture;
				PRODUCT_NAME = "$(TARGET_NAME)";
				SWIFT_VERSION = 5.0;
				TARGETED_DEVICE_FAMILY = "1,2";
			};
			name = Debug;
		};
		FDF76945265BE8C600C295C4 /* Release */ = {
			isa = XCBuildConfiguration;
			buildSettings = {
				ASSETCATALOG_COMPILER_APPICON_NAME = AppIcon;
				ASSETCATALOG_COMPILER_GLOBAL_ACCENT_COLOR_NAME = AccentColor;
				CODE_SIGN_STYLE = Automatic;
				DEVELOPMENT_TEAM = 4LPM7QKY6W;
				INFOPLIST_FILE = ARCapture/Info.plist;
				IPHONEOS_DEPLOYMENT_TARGET = 13.0;
				LD_RUNPATH_SEARCH_PATHS = (
					"$(inherited)",
					"@executable_path/Frameworks",
				);
				PRODUCT_BUNDLE_IDENTIFIER = ru.frgroup.ARCapture;
				PRODUCT_NAME = "$(TARGET_NAME)";
				SWIFT_VERSION = 5.0;
				TARGETED_DEVICE_FAMILY = "1,2";
			};
			name = Release;
		};
/* End XCBuildConfiguration section */

/* Begin XCConfigurationList section */
		FDF7692A265BE8C400C295C4 /* Build configuration list for PBXProject "ARCapture" */ = {
			isa = XCConfigurationList;
			buildConfigurations = (
				FDF76941265BE8C600C295C4 /* Debug */,
				FDF76942265BE8C600C295C4 /* Release */,
			);
			defaultConfigurationIsVisible = 0;
			defaultConfigurationName = Release;
		};
		FDF76943265BE8C600C295C4 /* Build configuration list for PBXNativeTarget "ARCapture" */ = {
			isa = XCConfigurationList;
			buildConfigurations = (
				FDF76944265BE8C600C295C4 /* Debug */,
				FDF76945265BE8C600C295C4 /* Release */,
			);
			defaultConfigurationIsVisible = 0;
			defaultConfigurationName = Release;
		};
/* End XCConfigurationList section */
	};
	rootObject = FDF76927265BE8C400C295C4 /* Project object */;
}
